// !$*UTF8*$!
{
	archiveVersion = 1;
	classes = {
	};
	objectVersion = 55;
	objects = {

/* Begin PBXBuildFile section */
		3E2AA831285C292D00CF5C1E /* AppDelegate.swift in Sources */ = {isa = PBXBuildFile; fileRef = 3E2AA830285C292D00CF5C1E /* AppDelegate.swift */; };
		3E2AA83A285C292E00CF5C1E /* Assets.xcassets in Resources */ = {isa = PBXBuildFile; fileRef = 3E2AA839285C292E00CF5C1E /* Assets.xcassets */; };
		3E2AA83D285C292E00CF5C1E /* LaunchScreen.storyboard in Resources */ = {isa = PBXBuildFile; fileRef = 3E2AA83B285C292E00CF5C1E /* LaunchScreen.storyboard */; };
		3E2AA848285C292E00CF5C1E /* IOS_CalculatorTests.swift in Sources */ = {isa = PBXBuildFile; fileRef = 3E2AA847285C292E00CF5C1E /* IOS_CalculatorTests.swift */; };
		3E2AA852285C292E00CF5C1E /* IOS_CalculatorUITests.swift in Sources */ = {isa = PBXBuildFile; fileRef = 3E2AA851285C292E00CF5C1E /* IOS_CalculatorUITests.swift */; };
		3E2AA854285C292E00CF5C1E /* IOS_CalculatorUITestsLaunchTests.swift in Sources */ = {isa = PBXBuildFile; fileRef = 3E2AA853285C292E00CF5C1E /* IOS_CalculatorUITestsLaunchTests.swift */; };
		3E2AA86A285C2C4E00CF5C1E /* HomeViewController.swift in Sources */ = {isa = PBXBuildFile; fileRef = 3E2AA868285C2C4E00CF5C1E /* HomeViewController.swift */; };
		3E2AA86B285C2C4E00CF5C1E /* HomeViewController.xib in Resources */ = {isa = PBXBuildFile; fileRef = 3E2AA869285C2C4E00CF5C1E /* HomeViewController.xib */; };
		3E2AA86D285C380A00CF5C1E /* UIButtonExtension.swift in Sources */ = {isa = PBXBuildFile; fileRef = 3E2AA86C285C380A00CF5C1E /* UIButtonExtension.swift */; };
/* End PBXBuildFile section */

/* Begin PBXContainerItemProxy section */
		3E2AA844285C292E00CF5C1E /* PBXContainerItemProxy */ = {
			isa = PBXContainerItemProxy;
			containerPortal = 3E2AA825285C292D00CF5C1E /* Project object */;
			proxyType = 1;
			remoteGlobalIDString = 3E2AA82C285C292D00CF5C1E;
			remoteInfo = "IOS-Calculator";
		};
		3E2AA84E285C292E00CF5C1E /* PBXContainerItemProxy */ = {
			isa = PBXContainerItemProxy;
			containerPortal = 3E2AA825285C292D00CF5C1E /* Project object */;
			proxyType = 1;
			remoteGlobalIDString = 3E2AA82C285C292D00CF5C1E;
			remoteInfo = "IOS-Calculator";
		};
/* End PBXContainerItemProxy section */

/* Begin PBXFileReference section */
		3E2AA82D285C292D00CF5C1E /* IOS-Calculator.app */ = {isa = PBXFileReference; explicitFileType = wrapper.application; includeInIndex = 0; path = "IOS-Calculator.app"; sourceTree = BUILT_PRODUCTS_DIR; };
		3E2AA830285C292D00CF5C1E /* AppDelegate.swift */ = {isa = PBXFileReference; lastKnownFileType = sourcecode.swift; path = AppDelegate.swift; sourceTree = "<group>"; };
		3E2AA839285C292E00CF5C1E /* Assets.xcassets */ = {isa = PBXFileReference; lastKnownFileType = folder.assetcatalog; path = Assets.xcassets; sourceTree = "<group>"; };
		3E2AA83C285C292E00CF5C1E /* Base */ = {isa = PBXFileReference; lastKnownFileType = file.storyboard; name = Base; path = Base.lproj/LaunchScreen.storyboard; sourceTree = "<group>"; };
		3E2AA83E285C292E00CF5C1E /* Info.plist */ = {isa = PBXFileReference; lastKnownFileType = text.plist.xml; path = Info.plist; sourceTree = "<group>"; };
		3E2AA843285C292E00CF5C1E /* IOS-CalculatorTests.xctest */ = {isa = PBXFileReference; explicitFileType = wrapper.cfbundle; includeInIndex = 0; path = "IOS-CalculatorTests.xctest"; sourceTree = BUILT_PRODUCTS_DIR; };
		3E2AA847285C292E00CF5C1E /* IOS_CalculatorTests.swift */ = {isa = PBXFileReference; lastKnownFileType = sourcecode.swift; path = IOS_CalculatorTests.swift; sourceTree = "<group>"; };
		3E2AA84D285C292E00CF5C1E /* IOS-CalculatorUITests.xctest */ = {isa = PBXFileReference; explicitFileType = wrapper.cfbundle; includeInIndex = 0; path = "IOS-CalculatorUITests.xctest"; sourceTree = BUILT_PRODUCTS_DIR; };
		3E2AA851285C292E00CF5C1E /* IOS_CalculatorUITests.swift */ = {isa = PBXFileReference; lastKnownFileType = sourcecode.swift; path = IOS_CalculatorUITests.swift; sourceTree = "<group>"; };
		3E2AA853285C292E00CF5C1E /* IOS_CalculatorUITestsLaunchTests.swift */ = {isa = PBXFileReference; lastKnownFileType = sourcecode.swift; path = IOS_CalculatorUITestsLaunchTests.swift; sourceTree = "<group>"; };
		3E2AA868285C2C4E00CF5C1E /* HomeViewController.swift */ = {isa = PBXFileReference; lastKnownFileType = sourcecode.swift; path = HomeViewController.swift; sourceTree = "<group>"; };
		3E2AA869285C2C4E00CF5C1E /* HomeViewController.xib */ = {isa = PBXFileReference; lastKnownFileType = file.xib; path = HomeViewController.xib; sourceTree = "<group>"; };
		3E2AA86C285C380A00CF5C1E /* UIButtonExtension.swift */ = {isa = PBXFileReference; lastKnownFileType = sourcecode.swift; path = UIButtonExtension.swift; sourceTree = "<group>"; };
/* End PBXFileReference section */

/* Begin PBXFrameworksBuildPhase section */
		3E2AA82A285C292D00CF5C1E /* Frameworks */ = {
			isa = PBXFrameworksBuildPhase;
			buildActionMask = 2147483647;
			files = (
			);
			runOnlyForDeploymentPostprocessing = 0;
		};
		3E2AA840285C292E00CF5C1E /* Frameworks */ = {
			isa = PBXFrameworksBuildPhase;
			buildActionMask = 2147483647;
			files = (
			);
			runOnlyForDeploymentPostprocessing = 0;
		};
		3E2AA84A285C292E00CF5C1E /* Frameworks */ = {
			isa = PBXFrameworksBuildPhase;
			buildActionMask = 2147483647;
			files = (
			);
			runOnlyForDeploymentPostprocessing = 0;
		};
/* End PBXFrameworksBuildPhase section */

/* Begin PBXGroup section */
		3E2AA824285C292D00CF5C1E = {
			isa = PBXGroup;
			children = (
				3E2AA82F285C292D00CF5C1E /* IOS-Calculator */,
				3E2AA846285C292E00CF5C1E /* IOS-CalculatorTests */,
				3E2AA850285C292E00CF5C1E /* IOS-CalculatorUITests */,
				3E2AA82E285C292D00CF5C1E /* Products */,
			);
			sourceTree = "<group>";
		};
		3E2AA82E285C292D00CF5C1E /* Products */ = {
			isa = PBXGroup;
			children = (
				3E2AA82D285C292D00CF5C1E /* IOS-Calculator.app */,
				3E2AA843285C292E00CF5C1E /* IOS-CalculatorTests.xctest */,
				3E2AA84D285C292E00CF5C1E /* IOS-CalculatorUITests.xctest */,
			);
			name = Products;
			sourceTree = "<group>";
		};
		3E2AA82F285C292D00CF5C1E /* IOS-Calculator */ = {
			isa = PBXGroup;
			children = (
				3E2AA830285C292D00CF5C1E /* AppDelegate.swift */,
				3E2AA864285C2BB000CF5C1E /* Util */,
				3E2AA863285C2BA700CF5C1E /* View */,
				3E2AA862285C2BA000CF5C1E /* Controller */,
				3E2AA861285C2B9A00CF5C1E /* Model */,
				3E2AA860285C299B00CF5C1E /* Supporting Files */,
				3E2AA839285C292E00CF5C1E /* Assets.xcassets */,
			);
			path = "IOS-Calculator";
			sourceTree = "<group>";
		};
		3E2AA846285C292E00CF5C1E /* IOS-CalculatorTests */ = {
			isa = PBXGroup;
			children = (
				3E2AA847285C292E00CF5C1E /* IOS_CalculatorTests.swift */,
			);
			path = "IOS-CalculatorTests";
			sourceTree = "<group>";
		};
		3E2AA850285C292E00CF5C1E /* IOS-CalculatorUITests */ = {
			isa = PBXGroup;
			children = (
				3E2AA851285C292E00CF5C1E /* IOS_CalculatorUITests.swift */,
				3E2AA853285C292E00CF5C1E /* IOS_CalculatorUITestsLaunchTests.swift */,
			);
			path = "IOS-CalculatorUITests";
			sourceTree = "<group>";
		};
		3E2AA860285C299B00CF5C1E /* Supporting Files */ = {
			isa = PBXGroup;
			children = (
				3E2AA83E285C292E00CF5C1E /* Info.plist */,
			);
			path = "Supporting Files";
			sourceTree = "<group>";
		};
		3E2AA861285C2B9A00CF5C1E /* Model */ = {
			isa = PBXGroup;
			children = (
			);
			path = Model;
			sourceTree = "<group>";
		};
		3E2AA862285C2BA000CF5C1E /* Controller */ = {
			isa = PBXGroup;
			children = (
				3E2AA867285C2C2300CF5C1E /* Home */,
			);
			path = Controller;
			sourceTree = "<group>";
		};
		3E2AA863285C2BA700CF5C1E /* View */ = {
			isa = PBXGroup;
			children = (
				3E2AA866285C2C1500CF5C1E /* Home */,
				3E2AA865285C2BDE00CF5C1E /* Launch */,
			);
			path = View;
			sourceTree = "<group>";
		};
		3E2AA864285C2BB000CF5C1E /* Util */ = {
			isa = PBXGroup;
			children = (
				3E2AA86C285C380A00CF5C1E /* UIButtonExtension.swift */,
			);
			path = Util;
			sourceTree = "<group>";
		};
		3E2AA865285C2BDE00CF5C1E /* Launch */ = {
			isa = PBXGroup;
			children = (
				3E2AA83B285C292E00CF5C1E /* LaunchScreen.storyboard */,
			);
			path = Launch;
			sourceTree = "<group>";
		};
		3E2AA866285C2C1500CF5C1E /* Home */ = {
			isa = PBXGroup;
			children = (
				3E2AA869285C2C4E00CF5C1E /* HomeViewController.xib */,
			);
			path = Home;
			sourceTree = "<group>";
		};
		3E2AA867285C2C2300CF5C1E /* Home */ = {
			isa = PBXGroup;
			children = (
				3E2AA868285C2C4E00CF5C1E /* HomeViewController.swift */,
			);
			path = Home;
			sourceTree = "<group>";
		};
/* End PBXGroup section */

/* Begin PBXNativeTarget section */
		3E2AA82C285C292D00CF5C1E /* IOS-Calculator */ = {
			isa = PBXNativeTarget;
			buildConfigurationList = 3E2AA857285C292E00CF5C1E /* Build configuration list for PBXNativeTarget "IOS-Calculator" */;
			buildPhases = (
				3E2AA829285C292D00CF5C1E /* Sources */,
				3E2AA82A285C292D00CF5C1E /* Frameworks */,
				3E2AA82B285C292D00CF5C1E /* Resources */,
			);
			buildRules = (
			);
			dependencies = (
			);
			name = "IOS-Calculator";
			productName = "IOS-Calculator";
			productReference = 3E2AA82D285C292D00CF5C1E /* IOS-Calculator.app */;
			productType = "com.apple.product-type.application";
		};
		3E2AA842285C292E00CF5C1E /* IOS-CalculatorTests */ = {
			isa = PBXNativeTarget;
			buildConfigurationList = 3E2AA85A285C292E00CF5C1E /* Build configuration list for PBXNativeTarget "IOS-CalculatorTests" */;
			buildPhases = (
				3E2AA83F285C292E00CF5C1E /* Sources */,
				3E2AA840285C292E00CF5C1E /* Frameworks */,
				3E2AA841285C292E00CF5C1E /* Resources */,
			);
			buildRules = (
			);
			dependencies = (
				3E2AA845285C292E00CF5C1E /* PBXTargetDependency */,
			);
			name = "IOS-CalculatorTests";
			productName = "IOS-CalculatorTests";
			productReference = 3E2AA843285C292E00CF5C1E /* IOS-CalculatorTests.xctest */;
			productType = "com.apple.product-type.bundle.unit-test";
		};
		3E2AA84C285C292E00CF5C1E /* IOS-CalculatorUITests */ = {
			isa = PBXNativeTarget;
			buildConfigurationList = 3E2AA85D285C292E00CF5C1E /* Build configuration list for PBXNativeTarget "IOS-CalculatorUITests" */;
			buildPhases = (
				3E2AA849285C292E00CF5C1E /* Sources */,
				3E2AA84A285C292E00CF5C1E /* Frameworks */,
				3E2AA84B285C292E00CF5C1E /* Resources */,
			);
			buildRules = (
			);
			dependencies = (
				3E2AA84F285C292E00CF5C1E /* PBXTargetDependency */,
			);
			name = "IOS-CalculatorUITests";
			productName = "IOS-CalculatorUITests";
			productReference = 3E2AA84D285C292E00CF5C1E /* IOS-CalculatorUITests.xctest */;
			productType = "com.apple.product-type.bundle.ui-testing";
		};
/* End PBXNativeTarget section */

/* Begin PBXProject section */
		3E2AA825285C292D00CF5C1E /* Project object */ = {
			isa = PBXProject;
			attributes = {
				BuildIndependentTargetsInParallel = 1;
				LastSwiftUpdateCheck = 1340;
				LastUpgradeCheck = 1340;
				TargetAttributes = {
					3E2AA82C285C292D00CF5C1E = {
						CreatedOnToolsVersion = 13.4.1;
					};
					3E2AA842285C292E00CF5C1E = {
						CreatedOnToolsVersion = 13.4.1;
						TestTargetID = 3E2AA82C285C292D00CF5C1E;
					};
					3E2AA84C285C292E00CF5C1E = {
						CreatedOnToolsVersion = 13.4.1;
						TestTargetID = 3E2AA82C285C292D00CF5C1E;
					};
				};
			};
			buildConfigurationList = 3E2AA828285C292D00CF5C1E /* Build configuration list for PBXProject "IOS-Calculator" */;
			compatibilityVersion = "Xcode 13.0";
			developmentRegion = en;
			hasScannedForEncodings = 0;
			knownRegions = (
				en,
				Base,
			);
			mainGroup = 3E2AA824285C292D00CF5C1E;
			productRefGroup = 3E2AA82E285C292D00CF5C1E /* Products */;
			projectDirPath = "";
			projectRoot = "";
			targets = (
				3E2AA82C285C292D00CF5C1E /* IOS-Calculator */,
				3E2AA842285C292E00CF5C1E /* IOS-CalculatorTests */,
				3E2AA84C285C292E00CF5C1E /* IOS-CalculatorUITests */,
			);
		};
/* End PBXProject section */

/* Begin PBXResourcesBuildPhase section */
		3E2AA82B285C292D00CF5C1E /* Resources */ = {
			isa = PBXResourcesBuildPhase;
			buildActionMask = 2147483647;
			files = (
				3E2AA83D285C292E00CF5C1E /* LaunchScreen.storyboard in Resources */,
				3E2AA83A285C292E00CF5C1E /* Assets.xcassets in Resources */,
				3E2AA86B285C2C4E00CF5C1E /* HomeViewController.xib in Resources */,
			);
			runOnlyForDeploymentPostprocessing = 0;
		};
		3E2AA841285C292E00CF5C1E /* Resources */ = {
			isa = PBXResourcesBuildPhase;
			buildActionMask = 2147483647;
			files = (
			);
			runOnlyForDeploymentPostprocessing = 0;
		};
		3E2AA84B285C292E00CF5C1E /* Resources */ = {
			isa = PBXResourcesBuildPhase;
			buildActionMask = 2147483647;
			files = (
			);
			runOnlyForDeploymentPostprocessing = 0;
		};
/* End PBXResourcesBuildPhase section */

/* Begin PBXSourcesBuildPhase section */
		3E2AA829285C292D00CF5C1E /* Sources */ = {
			isa = PBXSourcesBuildPhase;
			buildActionMask = 2147483647;
			files = (
				3E2AA831285C292D00CF5C1E /* AppDelegate.swift in Sources */,
				3E2AA86A285C2C4E00CF5C1E /* HomeViewController.swift in Sources */,
				3E2AA86D285C380A00CF5C1E /* UIButtonExtension.swift in Sources */,
			);
			runOnlyForDeploymentPostprocessing = 0;
		};
		3E2AA83F285C292E00CF5C1E /* Sources */ = {
			isa = PBXSourcesBuildPhase;
			buildActionMask = 2147483647;
			files = (
				3E2AA848285C292E00CF5C1E /* IOS_CalculatorTests.swift in Sources */,
			);
			runOnlyForDeploymentPostprocessing = 0;
		};
		3E2AA849285C292E00CF5C1E /* Sources */ = {
			isa = PBXSourcesBuildPhase;
			buildActionMask = 2147483647;
			files = (
				3E2AA854285C292E00CF5C1E /* IOS_CalculatorUITestsLaunchTests.swift in Sources */,
				3E2AA852285C292E00CF5C1E /* IOS_CalculatorUITests.swift in Sources */,
			);
			runOnlyForDeploymentPostprocessing = 0;
		};
/* End PBXSourcesBuildPhase section */

/* Begin PBXTargetDependency section */
		3E2AA845285C292E00CF5C1E /* PBXTargetDependency */ = {
			isa = PBXTargetDependency;
			target = 3E2AA82C285C292D00CF5C1E /* IOS-Calculator */;
			targetProxy = 3E2AA844285C292E00CF5C1E /* PBXContainerItemProxy */;
		};
		3E2AA84F285C292E00CF5C1E /* PBXTargetDependency */ = {
			isa = PBXTargetDependency;
			target = 3E2AA82C285C292D00CF5C1E /* IOS-Calculator */;
			targetProxy = 3E2AA84E285C292E00CF5C1E /* PBXContainerItemProxy */;
		};
/* End PBXTargetDependency section */

/* Begin PBXVariantGroup section */
		3E2AA83B285C292E00CF5C1E /* LaunchScreen.storyboard */ = {
			isa = PBXVariantGroup;
			children = (
				3E2AA83C285C292E00CF5C1E /* Base */,
			);
			name = LaunchScreen.storyboard;
			sourceTree = "<group>";
		};
/* End PBXVariantGroup section */

/* Begin XCBuildConfiguration section */
		3E2AA855285C292E00CF5C1E /* Debug */ = {
			isa = XCBuildConfiguration;
			buildSettings = {
				ALWAYS_SEARCH_USER_PATHS = NO;
				CLANG_ANALYZER_NONNULL = YES;
				CLANG_ANALYZER_NUMBER_OBJECT_CONVERSION = YES_AGGRESSIVE;
				CLANG_CXX_LANGUAGE_STANDARD = "gnu++17";
				CLANG_ENABLE_MODULES = YES;
				CLANG_ENABLE_OBJC_ARC = YES;
				CLANG_ENABLE_OBJC_WEAK = YES;
				CLANG_WARN_BLOCK_CAPTURE_AUTORELEASING = YES;
				CLANG_WARN_BOOL_CONVERSION = YES;
				CLANG_WARN_COMMA = YES;
				CLANG_WARN_CONSTANT_CONVERSION = YES;
				CLANG_WARN_DEPRECATED_OBJC_IMPLEMENTATIONS = YES;
				CLANG_WARN_DIRECT_OBJC_ISA_USAGE = YES_ERROR;
				CLANG_WARN_DOCUMENTATION_COMMENTS = YES;
				CLANG_WARN_EMPTY_BODY = YES;
				CLANG_WARN_ENUM_CONVERSION = YES;
				CLANG_WARN_INFINITE_RECURSION = YES;
				CLANG_WARN_INT_CONVERSION = YES;
				CLANG_WARN_NON_LITERAL_NULL_CONVERSION = YES;
				CLANG_WARN_OBJC_IMPLICIT_RETAIN_SELF = YES;
				CLANG_WARN_OBJC_LITERAL_CONVERSION = YES;
				CLANG_WARN_OBJC_ROOT_CLASS = YES_ERROR;
				CLANG_WARN_QUOTED_INCLUDE_IN_FRAMEWORK_HEADER = YES;
				CLANG_WARN_RANGE_LOOP_ANALYSIS = YES;
				CLANG_WARN_STRICT_PROTOTYPES = YES;
				CLANG_WARN_SUSPICIOUS_MOVE = YES;
				CLANG_WARN_UNGUARDED_AVAILABILITY = YES_AGGRESSIVE;
				CLANG_WARN_UNREACHABLE_CODE = YES;
				CLANG_WARN__DUPLICATE_METHOD_MATCH = YES;
				COPY_PHASE_STRIP = NO;
				DEBUG_INFORMATION_FORMAT = dwarf;
				ENABLE_STRICT_OBJC_MSGSEND = YES;
				ENABLE_TESTABILITY = YES;
				GCC_C_LANGUAGE_STANDARD = gnu11;
				GCC_DYNAMIC_NO_PIC = NO;
				GCC_NO_COMMON_BLOCKS = YES;
				GCC_OPTIMIZATION_LEVEL = 0;
				GCC_PREPROCESSOR_DEFINITIONS = (
					"DEBUG=1",
					"$(inherited)",
				);
				GCC_WARN_64_TO_32_BIT_CONVERSION = YES;
				GCC_WARN_ABOUT_RETURN_TYPE = YES_ERROR;
				GCC_WARN_UNDECLARED_SELECTOR = YES;
				GCC_WARN_UNINITIALIZED_AUTOS = YES_AGGRESSIVE;
				GCC_WARN_UNUSED_FUNCTION = YES;
				GCC_WARN_UNUSED_VARIABLE = YES;
				IPHONEOS_DEPLOYMENT_TARGET = 15.5;
				MTL_ENABLE_DEBUG_INFO = INCLUDE_SOURCE;
				MTL_FAST_MATH = YES;
				ONLY_ACTIVE_ARCH = YES;
				SDKROOT = iphoneos;
				SWIFT_ACTIVE_COMPILATION_CONDITIONS = DEBUG;
				SWIFT_OPTIMIZATION_LEVEL = "-Onone";
			};
			name = Debug;
		};
		3E2AA856285C292E00CF5C1E /* Release */ = {
			isa = XCBuildConfiguration;
			buildSettings = {
				ALWAYS_SEARCH_USER_PATHS = NO;
				CLANG_ANALYZER_NONNULL = YES;
				CLANG_ANALYZER_NUMBER_OBJECT_CONVERSION = YES_AGGRESSIVE;
				CLANG_CXX_LANGUAGE_STANDARD = "gnu++17";
				CLANG_ENABLE_MODULES = YES;
				CLANG_ENABLE_OBJC_ARC = YES;
				CLANG_ENABLE_OBJC_WEAK = YES;
				CLANG_WARN_BLOCK_CAPTURE_AUTORELEASING = YES;
				CLANG_WARN_BOOL_CONVERSION = YES;
				CLANG_WARN_COMMA = YES;
				CLANG_WARN_CONSTANT_CONVERSION = YES;
				CLANG_WARN_DEPRECATED_OBJC_IMPLEMENTATIONS = YES;
				CLANG_WARN_DIRECT_OBJC_ISA_USAGE = YES_ERROR;
				CLANG_WARN_DOCUMENTATION_COMMENTS = YES;
				CLANG_WARN_EMPTY_BODY = YES;
				CLANG_WARN_ENUM_CONVERSION = YES;
				CLANG_WARN_INFINITE_RECURSION = YES;
				CLANG_WARN_INT_CONVERSION = YES;
				CLANG_WARN_NON_LITERAL_NULL_CONVERSION = YES;
				CLANG_WARN_OBJC_IMPLICIT_RETAIN_SELF = YES;
				CLANG_WARN_OBJC_LITERAL_CONVERSION = YES;
				CLANG_WARN_OBJC_ROOT_CLASS = YES_ERROR;
				CLANG_WARN_QUOTED_INCLUDE_IN_FRAMEWORK_HEADER = YES;
				CLANG_WARN_RANGE_LOOP_ANALYSIS = YES;
				CLANG_WARN_STRICT_PROTOTYPES = YES;
				CLANG_WARN_SUSPICIOUS_MOVE = YES;
				CLANG_WARN_UNGUARDED_AVAILABILITY = YES_AGGRESSIVE;
				CLANG_WARN_UNREACHABLE_CODE = YES;
				CLANG_WARN__DUPLICATE_METHOD_MATCH = YES;
				COPY_PHASE_STRIP = NO;
				DEBUG_INFORMATION_FORMAT = "dwarf-with-dsym";
				ENABLE_NS_ASSERTIONS = NO;
				ENABLE_STRICT_OBJC_MSGSEND = YES;
				GCC_C_LANGUAGE_STANDARD = gnu11;
				GCC_NO_COMMON_BLOCKS = YES;
				GCC_WARN_64_TO_32_BIT_CONVERSION = YES;
				GCC_WARN_ABOUT_RETURN_TYPE = YES_ERROR;
				GCC_WARN_UNDECLARED_SELECTOR = YES;
				GCC_WARN_UNINITIALIZED_AUTOS = YES_AGGRESSIVE;
				GCC_WARN_UNUSED_FUNCTION = YES;
				GCC_WARN_UNUSED_VARIABLE = YES;
				IPHONEOS_DEPLOYMENT_TARGET = 15.5;
				MTL_ENABLE_DEBUG_INFO = NO;
				MTL_FAST_MATH = YES;
				SDKROOT = iphoneos;
				SWIFT_COMPILATION_MODE = wholemodule;
				SWIFT_OPTIMIZATION_LEVEL = "-O";
				VALIDATE_PRODUCT = YES;
			};
			name = Release;
		};
		3E2AA858285C292E00CF5C1E /* Debug */ = {
			isa = XCBuildConfiguration;
			buildSettings = {
				ASSETCATALOG_COMPILER_APPICON_NAME = AppIcon;
				ASSETCATALOG_COMPILER_GLOBAL_ACCENT_COLOR_NAME = AccentColor;
				CODE_SIGN_STYLE = Automatic;
				CURRENT_PROJECT_VERSION = 1;
				DEVELOPMENT_TEAM = GP82H47VH4;
				GENERATE_INFOPLIST_FILE = YES;
				INFOPLIST_FILE = "IOS-Calculator/Supporting Files/Info.plist";
				INFOPLIST_KEY_CFBundleDisplayName = "iOS Calculator";
				INFOPLIST_KEY_UIApplicationSupportsIndirectInputEvents = YES;
				INFOPLIST_KEY_UILaunchStoryboardName = LaunchScreen;
				INFOPLIST_KEY_UISupportedInterfaceOrientations_iPad = "UIInterfaceOrientationPortrait UIInterfaceOrientationPortraitUpsideDown UIInterfaceOrientationLandscapeLeft UIInterfaceOrientationLandscapeRight";
				INFOPLIST_KEY_UISupportedInterfaceOrientations_iPhone = "UIInterfaceOrientationPortrait UIInterfaceOrientationLandscapeLeft UIInterfaceOrientationLandscapeRight";
				LD_RUNPATH_SEARCH_PATHS = (
					"$(inherited)",
					"@executable_path/Frameworks",
				);
				MARKETING_VERSION = 1.0;
				PRODUCT_BUNDLE_IDENTIFIER = "com.enzodev.IOS-Calculator";
				PRODUCT_NAME = "$(TARGET_NAME)";
				SWIFT_EMIT_LOC_STRINGS = YES;
				SWIFT_VERSION = 5.0;
				TARGETED_DEVICE_FAMILY = "1,2";
			};
			name = Debug;
		};
		3E2AA859285C292E00CF5C1E /* Release */ = {
			isa = XCBuildConfiguration;
			buildSettings = {
				ASSETCATALOG_COMPILER_APPICON_NAME = AppIcon;
				ASSETCATALOG_COMPILER_GLOBAL_ACCENT_COLOR_NAME = AccentColor;
				CODE_SIGN_STYLE = Automatic;
				CURRENT_PROJECT_VERSION = 1;
				DEVELOPMENT_TEAM = GP82H47VH4;
				GENERATE_INFOPLIST_FILE = YES;
				INFOPLIST_FILE = "IOS-Calculator/Supporting Files/Info.plist";
				INFOPLIST_KEY_CFBundleDisplayName = "iOS Calculator";
				INFOPLIST_KEY_UIApplicationSupportsIndirectInputEvents = YES;
				INFOPLIST_KEY_UILaunchStoryboardName = LaunchScreen;
				INFOPLIST_KEY_UISupportedInterfaceOrientations_iPad = "UIInterfaceOrientationPortrait UIInterfaceOrientationPortraitUpsideDown UIInterfaceOrientationLandscapeLeft UIInterfaceOrientationLandscapeRight";
				INFOPLIST_KEY_UISupportedInterfaceOrientations_iPhone = "UIInterfaceOrientationPortrait UIInterfaceOrientationLandscapeLeft UIInterfaceOrientationLandscapeRight";
				LD_RUNPATH_SEARCH_PATHS = (
					"$(inherited)",
					"@executable_path/Frameworks",
				);
				MARKETING_VERSION = 1.0;
				PRODUCT_BUNDLE_IDENTIFIER = "com.enzodev.IOS-Calculator";
				PRODUCT_NAME = "$(TARGET_NAME)";
				SWIFT_EMIT_LOC_STRINGS = YES;
				SWIFT_VERSION = 5.0;
				TARGETED_DEVICE_FAMILY = "1,2";
			};
			name = Release;
		};
		3E2AA85B285C292E00CF5C1E /* Debug */ = {
			isa = XCBuildConfiguration;
			buildSettings = {
				ALWAYS_EMBED_SWIFT_STANDARD_LIBRARIES = YES;
				BUNDLE_LOADER = "$(TEST_HOST)";
				CODE_SIGN_STYLE = Automatic;
				CURRENT_PROJECT_VERSION = 1;
				DEVELOPMENT_TEAM = GP82H47VH4;
				GENERATE_INFOPLIST_FILE = YES;
				IPHONEOS_DEPLOYMENT_TARGET = 15.5;
				MARKETING_VERSION = 1.0;
				PRODUCT_BUNDLE_IDENTIFIER = "com.enzodev.IOS-CalculatorTests";
				PRODUCT_NAME = "$(TARGET_NAME)";
				SWIFT_EMIT_LOC_STRINGS = NO;
				SWIFT_VERSION = 5.0;
				TARGETED_DEVICE_FAMILY = "1,2";
				TEST_HOST = "$(BUILT_PRODUCTS_DIR)/IOS-Calculator.app/IOS-Calculator";
			};
			name = Debug;
		};
		3E2AA85C285C292E00CF5C1E /* Release */ = {
			isa = XCBuildConfiguration;
			buildSettings = {
				ALWAYS_EMBED_SWIFT_STANDARD_LIBRARIES = YES;
				BUNDLE_LOADER = "$(TEST_HOST)";
				CODE_SIGN_STYLE = Automatic;
				CURRENT_PROJECT_VERSION = 1;
				DEVELOPMENT_TEAM = GP82H47VH4;
				GENERATE_INFOPLIST_FILE = YES;
				IPHONEOS_DEPLOYMENT_TARGET = 15.5;
				MARKETING_VERSION = 1.0;
				PRODUCT_BUNDLE_IDENTIFIER = "com.enzodev.IOS-CalculatorTests";
				PRODUCT_NAME = "$(TARGET_NAME)";
				SWIFT_EMIT_LOC_STRINGS = NO;
				SWIFT_VERSION = 5.0;
				TARGETED_DEVICE_FAMILY = "1,2";
				TEST_HOST = "$(BUILT_PRODUCTS_DIR)/IOS-Calculator.app/IOS-Calculator";
			};
			name = Release;
		};
		3E2AA85E285C292E00CF5C1E /* Debug */ = {
			isa = XCBuildConfiguration;
			buildSettings = {
				ALWAYS_EMBED_SWIFT_STANDARD_LIBRARIES = YES;
				CODE_SIGN_STYLE = Automatic;
				CURRENT_PROJECT_VERSION = 1;
				DEVELOPMENT_TEAM = GP82H47VH4;
				GENERATE_INFOPLIST_FILE = YES;
				MARKETING_VERSION = 1.0;
				PRODUCT_BUNDLE_IDENTIFIER = "com.enzodev.IOS-CalculatorUITests";
				PRODUCT_NAME = "$(TARGET_NAME)";
				SWIFT_EMIT_LOC_STRINGS = NO;
				SWIFT_VERSION = 5.0;
				TARGETED_DEVICE_FAMILY = "1,2";
				TEST_TARGET_NAME = "IOS-Calculator";
			};
			name = Debug;
		};
		3E2AA85F285C292E00CF5C1E /* Release */ = {
			isa = XCBuildConfiguration;
			buildSettings = {
				ALWAYS_EMBED_SWIFT_STANDARD_LIBRARIES = YES;
				CODE_SIGN_STYLE = Automatic;
				CURRENT_PROJECT_VERSION = 1;
				DEVELOPMENT_TEAM = GP82H47VH4;
				GENERATE_INFOPLIST_FILE = YES;
				MARKETING_VERSION = 1.0;
				PRODUCT_BUNDLE_IDENTIFIER = "com.enzodev.IOS-CalculatorUITests";
				PRODUCT_NAME = "$(TARGET_NAME)";
				SWIFT_EMIT_LOC_STRINGS = NO;
				SWIFT_VERSION = 5.0;
				TARGETED_DEVICE_FAMILY = "1,2";
				TEST_TARGET_NAME = "IOS-Calculator";
			};
			name = Release;
		};
/* End XCBuildConfiguration section */

/* Begin XCConfigurationList section */
		3E2AA828285C292D00CF5C1E /* Build configuration list for PBXProject "IOS-Calculator" */ = {
			isa = XCConfigurationList;
			buildConfigurations = (
				3E2AA855285C292E00CF5C1E /* Debug */,
				3E2AA856285C292E00CF5C1E /* Release */,
			);
			defaultConfigurationIsVisible = 0;
			defaultConfigurationName = Release;
		};
		3E2AA857285C292E00CF5C1E /* Build configuration list for PBXNativeTarget "IOS-Calculator" */ = {
			isa = XCConfigurationList;
			buildConfigurations = (
				3E2AA858285C292E00CF5C1E /* Debug */,
				3E2AA859285C292E00CF5C1E /* Release */,
			);
			defaultConfigurationIsVisible = 0;
			defaultConfigurationName = Release;
		};
		3E2AA85A285C292E00CF5C1E /* Build configuration list for PBXNativeTarget "IOS-CalculatorTests" */ = {
			isa = XCConfigurationList;
			buildConfigurations = (
				3E2AA85B285C292E00CF5C1E /* Debug */,
				3E2AA85C285C292E00CF5C1E /* Release */,
			);
			defaultConfigurationIsVisible = 0;
			defaultConfigurationName = Release;
		};
		3E2AA85D285C292E00CF5C1E /* Build configuration list for PBXNativeTarget "IOS-CalculatorUITests" */ = {
			isa = XCConfigurationList;
			buildConfigurations = (
				3E2AA85E285C292E00CF5C1E /* Debug */,
				3E2AA85F285C292E00CF5C1E /* Release */,
			);
			defaultConfigurationIsVisible = 0;
			defaultConfigurationName = Release;
		};
/* End XCConfigurationList section */
	};
	rootObject = 3E2AA825285C292D00CF5C1E /* Project object */;
}
